
Microsoft Visual Studio Solution File, Format Version 12.00
# Visual Studio Version 16
VisualStudioVersion = 16.0.29613.14
MinimumVisualStudioVersion = 10.0.40219.1
Project("{FAE04EC0-301F-11D3-BF4B-00C04F79EFBC}") = "App195", "App195\App195.csproj", "{66D953AC-CC7D-40C2-A33E-1F205DEFB216}"
EndProject
Global
	GlobalSection(SolutionConfigurationPlatforms) = preSolution
		Debug|iPhone = Debug|iPhone
		Debug|iPhoneSimulator = Debug|iPhoneSimulator
		Release|iPhone = Release|iPhone
		Release|iPhoneSimulator = Release|iPhoneSimulator
	EndGlobalSection
	GlobalSection(ProjectConfigurationPlatforms) = postSolution
		{66D953AC-CC7D-40C2-A33E-1F205DEFB216}.Debug|iPhone.ActiveCfg = Debug|iPhone
		{66D953AC-CC7D-40C2-A33E-1F205DEFB216}.Debug|iPhone.Build.0 = Debug|iPhone
		{66D953AC-CC7D-40C2-A33E-1F205DEFB216}.Debug|iPhone.Deploy.0 = Debug|iPhone
		{66D953AC-CC7D-40C2-A33E-1F205DEFB216}.Debug|iPhoneSimulator.ActiveCfg = Debug|iPhoneSimulator
		{66D953AC-CC7D-40C2-A33E-1F205DEFB216}.Debug|iPhoneSimulator.Build.0 = Debug|iPhoneSimulator
		{66D953AC-CC7D-40C2-A33E-1F205DEFB216}.Debug|iPhoneSimulator.Deploy.0 = Debug|iPhoneSimulator
		{66D953AC-CC7D-40C2-A33E-1F205DEFB216}.Release|iPhone.ActiveCfg = Release|iPhone
		{66D953AC-CC7D-40C2-A33E-1F205DEFB216}.Release|iPhone.Build.0 = Release|iPhone
		{66D953AC-CC7D-40C2-A33E-1F205DEFB216}.Release|iPhone.Deploy.0 = Release|iPhone
		{66D953AC-CC7D-40C2-A33E-1F205DEFB216}.Release|iPhoneSimulator.ActiveCfg = Release|iPhoneSimulator
		{66D953AC-CC7D-40C2-A33E-1F205DEFB216}.Release|iPhoneSimulator.Build.0 = Release|iPhoneSimulator
		{66D953AC-CC7D-40C2-A33E-1F205DEFB216}.Release|iPhoneSimulator.Deploy.0 = Release|iPhoneSimulator
	EndGlobalSection
	GlobalSection(SolutionProperties) = preSolution
		HideSolutionNode = FALSE
	EndGlobalSection
	GlobalSection(ExtensibilityGlobals) = postSolution
		SolutionGuid = {C4E43D63-B4BF-4455-BB9B-D1EC45475BC9}
	EndGlobalSection
EndGlobal
